# THIS IS AN AUTOGENERATED FILE. DO NOT EDIT THIS FILE DIRECTLY.
# yarn lockfile v1


bsb-native@4.0.6:
  version "4.0.6"
  resolved "https://registry.yarnpkg.com/bsb-native/-/bsb-native-4.0.6.tgz#5c0289e24e0a3375ebf8f69a17510b884cace1ca"
  integrity sha512-T1MkndnmA4StiKK2UvEftrqANN+h9StlLghBbwmKa833d97D86np+2wmIOw5Rqy6rNW3D076A2G51mooWTUwfQ==
  dependencies:
    yauzl "^2.9.1"

buffer-crc32@~0.2.3:
  version "0.2.13"
  resolved "https://registry.yarnpkg.com/buffer-crc32/-/buffer-crc32-0.2.13.tgz#0d333e3f00eac50aa1454abd30ef8c2a5d9a7242"
  integrity sha1-DTM+PwDqxQqhRUq9MO+MKl2ackI=

fd-slicer@~1.0.1:
  version "1.0.1"
  resolved "https://registry.yarnpkg.com/fd-slicer/-/fd-slicer-1.0.1.tgz#8b5bcbd9ec327c5041bf9ab023fd6750f1177e65"
  integrity sha1-i1vL2ewyfFBBv5qwI/1nUPEXfmU=
  dependencies:
    pend "~1.2.0"

pend@~1.2.0:
  version "1.2.0"
  resolved "https://registry.yarnpkg.com/pend/-/pend-1.2.0.tgz#7a57eb550a6783f9115331fcf4663d5c8e007a50"
  integrity sha1-elfrVQpng/kRUzH89GY9XI4AelA=

resolve-from@^2.0.0:
  version "2.0.0"
  resolved "https://registry.yarnpkg.com/resolve-from/-/resolve-from-2.0.0.tgz#9480ab20e94ffa1d9e80a804c7ea147611966b57"
  integrity sha1-lICrIOlP+h2egKgEx+oUdhGWa1c=

resolve-pkg@^1.0.0:
  version "1.0.0"
  resolved "https://registry.yarnpkg.com/resolve-pkg/-/resolve-pkg-1.0.0.tgz#e19a15e78aca2e124461dc92b2e3943ef93494d9"
  integrity sha1-4ZoV54rKLhJEYdySsuOUPvk0lNk=
  dependencies:
    resolve-from "^2.0.0"

yauzl@^2.9.1:
  version "2.9.1"
  resolved "https://registry.yarnpkg.com/yauzl/-/yauzl-2.9.1.tgz#a81981ea70a57946133883f029c5821a89359a7f"
  integrity sha1-qBmB6nCleUYTOIPwKcWCGok1mn8=
  dependencies:
    buffer-crc32 "~0.2.3"
    fd-slicer "~1.0.1"
